// !$*UTF8*$!
{
	archiveVersion = 1;
	classes = {
	};
	objectVersion = 50;
	objects = {

/* Begin PBXBuildFile section */
		71225DD72090E6A300385F5D /* Medium560.swift in Sources */ = {isa = PBXBuildFile; fileRef = 71225DD62090E6A300385F5D /* Medium560.swift */; };
		71225DD92091364800385F5D /* Medium560Test.swift in Sources */ = {isa = PBXBuildFile; fileRef = 71225DD82091364800385F5D /* Medium560Test.swift */; };
		71225DDB209150A400385F5D /* Easy26.swift in Sources */ = {isa = PBXBuildFile; fileRef = 71225DDA209150A400385F5D /* Easy26.swift */; };
		71225DDD209151BE00385F5D /* Easy26Test.swift in Sources */ = {isa = PBXBuildFile; fileRef = 71225DDC209151BE00385F5D /* Easy26Test.swift */; };
		71225DDF2091562900385F5D /* Medium74.swift in Sources */ = {isa = PBXBuildFile; fileRef = 71225DDE2091562900385F5D /* Medium74.swift */; };
		71225DE12091566800385F5D /* Medium74Test.swift in Sources */ = {isa = PBXBuildFile; fileRef = 71225DE02091566800385F5D /* Medium74Test.swift */; };
		71225DE32091977A00385F5D /* Medium240.swift in Sources */ = {isa = PBXBuildFile; fileRef = 71225DE22091977A00385F5D /* Medium240.swift */; };
		71225DE52091A2B000385F5D /* Medium240Test.swift in Sources */ = {isa = PBXBuildFile; fileRef = 71225DE42091A2B000385F5D /* Medium240Test.swift */; };
		71225DE72091AEED00385F5D /* Medium64.swift in Sources */ = {isa = PBXBuildFile; fileRef = 71225DE62091AEED00385F5D /* Medium64.swift */; };
		71225DE92091AF2400385F5D /* Medium64Test.swift in Sources */ = {isa = PBXBuildFile; fileRef = 71225DE82091AF2400385F5D /* Medium64Test.swift */; };
		71225DEB2091B55200385F5D /* Medium215.swift in Sources */ = {isa = PBXBuildFile; fileRef = 71225DEA2091B55200385F5D /* Medium215.swift */; };
		71225DED2091B5A900385F5D /* Medium215Test.swift in Sources */ = {isa = PBXBuildFile; fileRef = 71225DEC2091B5A900385F5D /* Medium215Test.swift */; };
		71225DEF2097FDB600385F5D /* Hard41.swift in Sources */ = {isa = PBXBuildFile; fileRef = 71225DEE2097FDB600385F5D /* Hard41.swift */; };
		71225DF12097FDD600385F5D /* Hard41Test.swift in Sources */ = {isa = PBXBuildFile; fileRef = 71225DF02097FDD600385F5D /* Hard41Test.swift */; };
		71225DF3209801EB00385F5D /* Easy66.swift in Sources */ = {isa = PBXBuildFile; fileRef = 71225DF2209801EB00385F5D /* Easy66.swift */; };
		71225DF52098029F00385F5D /* Easy66Test.swift in Sources */ = {isa = PBXBuildFile; fileRef = 71225DF42098029F00385F5D /* Easy66Test.swift */; };
		71225DF7209854F900385F5D /* Easy665.swift in Sources */ = {isa = PBXBuildFile; fileRef = 71225DF6209854F900385F5D /* Easy665.swift */; };
		71225DF92098551F00385F5D /* Easy665Test.swift in Sources */ = {isa = PBXBuildFile; fileRef = 71225DF82098551F00385F5D /* Easy665Test.swift */; };
		71225DFB20985AD800385F5D /* Medium228.swift in Sources */ = {isa = PBXBuildFile; fileRef = 71225DFA20985AD800385F5D /* Medium228.swift */; };
		71225DFD20985B0700385F5D /* Medium228Test.swift in Sources */ = {isa = PBXBuildFile; fileRef = 71225DFC20985B0700385F5D /* Medium228Test.swift */; };
		71225DFF2098605000385F5D /* Medium48.swift in Sources */ = {isa = PBXBuildFile; fileRef = 71225DFE2098605000385F5D /* Medium48.swift */; };
		71225E012098609900385F5D /* Medium48Test.swift in Sources */ = {isa = PBXBuildFile; fileRef = 71225E002098609900385F5D /* Medium48Test.swift */; };
		71225E032098D68E00385F5D /* Medium75.swift in Sources */ = {isa = PBXBuildFile; fileRef = 71225E022098D68E00385F5D /* Medium75.swift */; };
		71225E052098D6CB00385F5D /* Medium75Test.swift in Sources */ = {isa = PBXBuildFile; fileRef = 71225E042098D6CB00385F5D /* Medium75Test.swift */; };
		71225E072098DDEF00385F5D /* Medium300.swift in Sources */ = {isa = PBXBuildFile; fileRef = 71225E062098DDEF00385F5D /* Medium300.swift */; };
		71225E092098DE2000385F5D /* Medium300Test.swift in Sources */ = {isa = PBXBuildFile; fileRef = 71225E082098DE2000385F5D /* Medium300Test.swift */; };
		71365C55208F84DD00AD24A0 /* AppDelegate.swift in Sources */ = {isa = PBXBuildFile; fileRef = 71365C54208F84DD00AD24A0 /* AppDelegate.swift */; };
		71365C57208F84DD00AD24A0 /* ViewController.swift in Sources */ = {isa = PBXBuildFile; fileRef = 71365C56208F84DD00AD24A0 /* ViewController.swift */; };
		71365C5A208F84DD00AD24A0 /* Main.storyboard in Resources */ = {isa = PBXBuildFile; fileRef = 71365C58208F84DD00AD24A0 /* Main.storyboard */; };
		71365C5C208F84DE00AD24A0 /* Assets.xcassets in Resources */ = {isa = PBXBuildFile; fileRef = 71365C5B208F84DE00AD24A0 /* Assets.xcassets */; };
		71365C5F208F84DE00AD24A0 /* LaunchScreen.storyboard in Resources */ = {isa = PBXBuildFile; fileRef = 71365C5D208F84DE00AD24A0 /* LaunchScreen.storyboard */; };
		71365C6A208F84DE00AD24A0 /* SwiftLeetcodeTests.swift in Sources */ = {isa = PBXBuildFile; fileRef = 71365C69208F84DE00AD24A0 /* SwiftLeetcodeTests.swift */; };
		71365C76208F85FA00AD24A0 /* Easy771.swift in Sources */ = {isa = PBXBuildFile; fileRef = 71365C75208F85FA00AD24A0 /* Easy771.swift */; };
		71365C78208F89EA00AD24A0 /* Easy771Test.swift in Sources */ = {isa = PBXBuildFile; fileRef = 71365C77208F89EA00AD24A0 /* Easy771Test.swift */; };
		71365C7C208F958400AD24A0 /* Medium807.swift in Sources */ = {isa = PBXBuildFile; fileRef = 71365C7B208F958400AD24A0 /* Medium807.swift */; };
		71365C7E208F9A8300AD24A0 /* Medium807Test.swift in Sources */ = {isa = PBXBuildFile; fileRef = 71365C7D208F9A8300AD24A0 /* Medium807Test.swift */; };
		71365C81208FA9CB00AD24A0 /* TreeNode.swift in Sources */ = {isa = PBXBuildFile; fileRef = 71365C80208FA9CB00AD24A0 /* TreeNode.swift */; };
		71365C83208FAA1F00AD24A0 /* Medium814.swift in Sources */ = {isa = PBXBuildFile; fileRef = 71365C82208FAA1F00AD24A0 /* Medium814.swift */; };
		71365C85208FB35E00AD24A0 /* Medium654.swift in Sources */ = {isa = PBXBuildFile; fileRef = 71365C84208FB35E00AD24A0 /* Medium654.swift */; };
		71365C87208FBB6E00AD24A0 /* Medium654Test.swift in Sources */ = {isa = PBXBuildFile; fileRef = 71365C86208FBB6E00AD24A0 /* Medium654Test.swift */; };
		71365C89208FBFB200AD24A0 /* Medium319.swift in Sources */ = {isa = PBXBuildFile; fileRef = 71365C88208FBFB200AD24A0 /* Medium319.swift */; };
		71365C8B208FC26600AD24A0 /* Medium319Test.swift in Sources */ = {isa = PBXBuildFile; fileRef = 71365C8A208FC26600AD24A0 /* Medium319Test.swift */; };
		71365C8D208FC76500AD24A0 /* Medium672.swift in Sources */ = {isa = PBXBuildFile; fileRef = 71365C8C208FC76500AD24A0 /* Medium672.swift */; };
		71365C8F208FCA4500AD24A0 /* Medium672Test.swift in Sources */ = {isa = PBXBuildFile; fileRef = 71365C8E208FCA4500AD24A0 /* Medium672Test.swift */; };
		71365C9120900DB100AD24A0 /* Easy38.swift in Sources */ = {isa = PBXBuildFile; fileRef = 71365C9020900DB100AD24A0 /* Easy38.swift */; };
		71365C93209011C100AD24A0 /* Easy38Test.swift in Sources */ = {isa = PBXBuildFile; fileRef = 71365C92209011C100AD24A0 /* Easy38Test.swift */; };
		71C9EF3E21D4883A006129C9 /* Easy1.swift in Sources */ = {isa = PBXBuildFile; fileRef = 71C9EF3D21D4883A006129C9 /* Easy1.swift */; };
		71C9EF4021D48B59006129C9 /* Easy1Test.swift in Sources */ = {isa = PBXBuildFile; fileRef = 71C9EF3F21D48B59006129C9 /* Easy1Test.swift */; };
		71C9EF4221D493EE006129C9 /* Easy104.swift in Sources */ = {isa = PBXBuildFile; fileRef = 71C9EF4121D493EE006129C9 /* Easy104.swift */; };
		71C9EF4421D4960D006129C9 /* Easy111.swift in Sources */ = {isa = PBXBuildFile; fileRef = 71C9EF4321D4960D006129C9 /* Easy111.swift */; };
		71C9EF4621D497B6006129C9 /* Easy112.swift in Sources */ = {isa = PBXBuildFile; fileRef = 71C9EF4521D497B6006129C9 /* Easy112.swift */; };
		71C9EF4821D49EF8006129C9 /* Easy100.swift in Sources */ = {isa = PBXBuildFile; fileRef = 71C9EF4721D49EF8006129C9 /* Easy100.swift */; };
		71C9EF4A21D4A0B5006129C9 /* Easy101.swift in Sources */ = {isa = PBXBuildFile; fileRef = 71C9EF4921D4A0B5006129C9 /* Easy101.swift */; };
		71C9EF4C21D4A399006129C9 /* Medium951.swift in Sources */ = {isa = PBXBuildFile; fileRef = 71C9EF4B21D4A399006129C9 /* Medium951.swift */; };
		71C9EF4E21D4B720006129C9 /* Medium684.swift in Sources */ = {isa = PBXBuildFile; fileRef = 71C9EF4D21D4B720006129C9 /* Medium684.swift */; };
		71C9EF5021D4B752006129C9 /* Medium684Test.swift in Sources */ = {isa = PBXBuildFile; fileRef = 71C9EF4F21D4B752006129C9 /* Medium684Test.swift */; };
		71C9EF5221D5F61D006129C9 /* Medium98.swift in Sources */ = {isa = PBXBuildFile; fileRef = 71C9EF5121D5F61D006129C9 /* Medium98.swift */; };
		71C9EF5421D5F9E0006129C9 /* Easy70.swift in Sources */ = {isa = PBXBuildFile; fileRef = 71C9EF5321D5F9E0006129C9 /* Easy70.swift */; };
		71C9EF5621D5FE6D006129C9 /* Easy70Test.swift in Sources */ = {isa = PBXBuildFile; fileRef = 71C9EF5521D5FE6D006129C9 /* Easy70Test.swift */; };
		71F9AAAE209C0BB5008E59F6 /* Medium148.swift in Sources */ = {isa = PBXBuildFile; fileRef = 71F9AAAD209C0BB5008E59F6 /* Medium148.swift */; };
		71F9AAB0209C0BC8008E59F6 /* Medium148Test.swift in Sources */ = {isa = PBXBuildFile; fileRef = 71F9AAAF209C0BC8008E59F6 /* Medium148Test.swift */; };
		71F9AAB2209C0BF7008E59F6 /* ListNode.swift in Sources */ = {isa = PBXBuildFile; fileRef = 71F9AAB1209C0BF7008E59F6 /* ListNode.swift */; };
		71F9AAB4209C1BB6008E59F6 /* Medium416.swift in Sources */ = {isa = PBXBuildFile; fileRef = 71F9AAB3209C1BB6008E59F6 /* Medium416.swift */; };
		71F9AAB6209C1BE0008E59F6 /* Medium416Test.swift in Sources */ = {isa = PBXBuildFile; fileRef = 71F9AAB5209C1BE0008E59F6 /* Medium416Test.swift */; };
		71F9AAB8209C2D16008E59F6 /* Medium49.swift in Sources */ = {isa = PBXBuildFile; fileRef = 71F9AAB7209C2D16008E59F6 /* Medium49.swift */; };
		71F9AABA209C2D5E008E59F6 /* Medium49Test.swift in Sources */ = {isa = PBXBuildFile; fileRef = 71F9AAB9209C2D5E008E59F6 /* Medium49Test.swift */; };
		71F9AABC209D5797008E59F6 /* Medium279.swift in Sources */ = {isa = PBXBuildFile; fileRef = 71F9AABB209D5797008E59F6 /* Medium279.swift */; };
		71F9AABE209D57DC008E59F6 /* Medium279Test.swift in Sources */ = {isa = PBXBuildFile; fileRef = 71F9AABD209D57DC008E59F6 /* Medium279Test.swift */; };
		71F9AAC0209D60BA008E59F6 /* Medium11.swift in Sources */ = {isa = PBXBuildFile; fileRef = 71F9AABF209D60BA008E59F6 /* Medium11.swift */; };
		71F9AAC2209D60EB008E59F6 /* Medium11Test.swift in Sources */ = {isa = PBXBuildFile; fileRef = 71F9AAC1209D60EB008E59F6 /* Medium11Test.swift */; };
		71F9AAC4209D659C008E59F6 /* Medium200.swift in Sources */ = {isa = PBXBuildFile; fileRef = 71F9AAC3209D659C008E59F6 /* Medium200.swift */; };
		71F9AAC6209D65D9008E59F6 /* Medium200Test.swift in Sources */ = {isa = PBXBuildFile; fileRef = 71F9AAC5209D65D9008E59F6 /* Medium200Test.swift */; };
		71F9AAC8209D7246008E59F6 /* Medium17.swift in Sources */ = {isa = PBXBuildFile; fileRef = 71F9AAC7209D7246008E59F6 /* Medium17.swift */; };
		71F9AACA209D7286008E59F6 /* Medium17Test.swift in Sources */ = {isa = PBXBuildFile; fileRef = 71F9AAC9209D7286008E59F6 /* Medium17Test.swift */; };
		71F9AACC209D7B80008E59F6 /* Medium19.swift in Sources */ = {isa = PBXBuildFile; fileRef = 71F9AACB209D7B80008E59F6 /* Medium19.swift */; };
		71F9AACE209D7BF4008E59F6 /* Medium19Test.swift in Sources */ = {isa = PBXBuildFile; fileRef = 71F9AACD209D7BF4008E59F6 /* Medium19Test.swift */; };
		71F9AAD0209D8202008E59F6 /* Medium56.swift in Sources */ = {isa = PBXBuildFile; fileRef = 71F9AACF209D8202008E59F6 /* Medium56.swift */; };
		71F9AAD2209D823C008E59F6 /* Interval.swift in Sources */ = {isa = PBXBuildFile; fileRef = 71F9AAD1209D823C008E59F6 /* Interval.swift */; };
		71F9AAD4209D829C008E59F6 /* Medium56Test.swift in Sources */ = {isa = PBXBuildFile; fileRef = 71F9AAD3209D829C008E59F6 /* Medium56Test.swift */; };
		71F9AAD6209E18AC008E59F6 /* Medium33.swift in Sources */ = {isa = PBXBuildFile; fileRef = 71F9AAD5209E18AC008E59F6 /* Medium33.swift */; };
		71F9AAD8209E18FA008E59F6 /* Medium33Test.swift in Sources */ = {isa = PBXBuildFile; fileRef = 71F9AAD7209E18FA008E59F6 /* Medium33Test.swift */; };
		71F9AADA209EC245008E59F6 /* Medium34.swift in Sources */ = {isa = PBXBuildFile; fileRef = 71F9AAD9209EC245008E59F6 /* Medium34.swift */; };
		71F9AADC209EC2A5008E59F6 /* Medium34Test.swift in Sources */ = {isa = PBXBuildFile; fileRef = 71F9AADB209EC2A5008E59F6 /* Medium34Test.swift */; };
		71F9AADE209F8267008E59F6 /* Medium139.swift in Sources */ = {isa = PBXBuildFile; fileRef = 71F9AADD209F8267008E59F6 /* Medium139.swift */; };
		71F9AAE0209F82A1008E59F6 /* Medium139Test.swift in Sources */ = {isa = PBXBuildFile; fileRef = 71F9AADF209F82A1008E59F6 /* Medium139Test.swift */; };
/* End PBXBuildFile section */

/* Begin PBXContainerItemProxy section */
		71365C66208F84DE00AD24A0 /* PBXContainerItemProxy */ = {
			isa = PBXContainerItemProxy;
			containerPortal = 71365C49208F84DD00AD24A0 /* Project object */;
			proxyType = 1;
			remoteGlobalIDString = 71365C50208F84DD00AD24A0;
			remoteInfo = SwiftLeetcode;
		};
/* End PBXContainerItemProxy section */

/* Begin PBXFileReference section */
		71225DD62090E6A300385F5D /* Medium560.swift */ = {isa = PBXFileReference; lastKnownFileType = sourcecode.swift; path = Medium560.swift; sourceTree = "<group>"; };
		71225DD82091364800385F5D /* Medium560Test.swift */ = {isa = PBXFileReference; lastKnownFileType = sourcecode.swift; path = Medium560Test.swift; sourceTree = "<group>"; };
		71225DDA209150A400385F5D /* Easy26.swift */ = {isa = PBXFileReference; lastKnownFileType = sourcecode.swift; path = Easy26.swift; sourceTree = "<group>"; };
		71225DDC209151BE00385F5D /* Easy26Test.swift */ = {isa = PBXFileReference; lastKnownFileType = sourcecode.swift; path = Easy26Test.swift; sourceTree = "<group>"; };
		71225DDE2091562900385F5D /* Medium74.swift */ = {isa = PBXFileReference; lastKnownFileType = sourcecode.swift; path = Medium74.swift; sourceTree = "<group>"; };
		71225DE02091566800385F5D /* Medium74Test.swift */ = {isa = PBXFileReference; lastKnownFileType = sourcecode.swift; path = Medium74Test.swift; sourceTree = "<group>"; };
		71225DE22091977A00385F5D /* Medium240.swift */ = {isa = PBXFileReference; lastKnownFileType = sourcecode.swift; path = Medium240.swift; sourceTree = "<group>"; };
		71225DE42091A2B000385F5D /* Medium240Test.swift */ = {isa = PBXFileReference; lastKnownFileType = sourcecode.swift; path = Medium240Test.swift; sourceTree = "<group>"; };
		71225DE62091AEED00385F5D /* Medium64.swift */ = {isa = PBXFileReference; lastKnownFileType = sourcecode.swift; path = Medium64.swift; sourceTree = "<group>"; };
		71225DE82091AF2400385F5D /* Medium64Test.swift */ = {isa = PBXFileReference; lastKnownFileType = sourcecode.swift; path = Medium64Test.swift; sourceTree = "<group>"; };
		71225DEA2091B55200385F5D /* Medium215.swift */ = {isa = PBXFileReference; lastKnownFileType = sourcecode.swift; path = Medium215.swift; sourceTree = "<group>"; };
		71225DEC2091B5A900385F5D /* Medium215Test.swift */ = {isa = PBXFileReference; lastKnownFileType = sourcecode.swift; path = Medium215Test.swift; sourceTree = "<group>"; };
		71225DEE2097FDB600385F5D /* Hard41.swift */ = {isa = PBXFileReference; lastKnownFileType = sourcecode.swift; path = Hard41.swift; sourceTree = "<group>"; };
		71225DF02097FDD600385F5D /* Hard41Test.swift */ = {isa = PBXFileReference; lastKnownFileType = sourcecode.swift; path = Hard41Test.swift; sourceTree = "<group>"; };
		71225DF2209801EB00385F5D /* Easy66.swift */ = {isa = PBXFileReference; lastKnownFileType = sourcecode.swift; path = Easy66.swift; sourceTree = "<group>"; };
		71225DF42098029F00385F5D /* Easy66Test.swift */ = {isa = PBXFileReference; lastKnownFileType = sourcecode.swift; path = Easy66Test.swift; sourceTree = "<group>"; };
		71225DF6209854F900385F5D /* Easy665.swift */ = {isa = PBXFileReference; lastKnownFileType = sourcecode.swift; path = Easy665.swift; sourceTree = "<group>"; };
		71225DF82098551F00385F5D /* Easy665Test.swift */ = {isa = PBXFileReference; lastKnownFileType = sourcecode.swift; path = Easy665Test.swift; sourceTree = "<group>"; };
		71225DFA20985AD800385F5D /* Medium228.swift */ = {isa = PBXFileReference; lastKnownFileType = sourcecode.swift; path = Medium228.swift; sourceTree = "<group>"; };
		71225DFC20985B0700385F5D /* Medium228Test.swift */ = {isa = PBXFileReference; lastKnownFileType = sourcecode.swift; path = Medium228Test.swift; sourceTree = "<group>"; };
		71225DFE2098605000385F5D /* Medium48.swift */ = {isa = PBXFileReference; lastKnownFileType = sourcecode.swift; path = Medium48.swift; sourceTree = "<group>"; };
		71225E002098609900385F5D /* Medium48Test.swift */ = {isa = PBXFileReference; lastKnownFileType = sourcecode.swift; path = Medium48Test.swift; sourceTree = "<group>"; };
		71225E022098D68E00385F5D /* Medium75.swift */ = {isa = PBXFileReference; lastKnownFileType = sourcecode.swift; path = Medium75.swift; sourceTree = "<group>"; };
		71225E042098D6CB00385F5D /* Medium75Test.swift */ = {isa = PBXFileReference; lastKnownFileType = sourcecode.swift; path = Medium75Test.swift; sourceTree = "<group>"; };
		71225E062098DDEF00385F5D /* Medium300.swift */ = {isa = PBXFileReference; lastKnownFileType = sourcecode.swift; path = Medium300.swift; sourceTree = "<group>"; };
		71225E082098DE2000385F5D /* Medium300Test.swift */ = {isa = PBXFileReference; lastKnownFileType = sourcecode.swift; path = Medium300Test.swift; sourceTree = "<group>"; };
		71365C51208F84DD00AD24A0 /* SwiftLeetcode.app */ = {isa = PBXFileReference; explicitFileType = wrapper.application; includeInIndex = 0; path = SwiftLeetcode.app; sourceTree = BUILT_PRODUCTS_DIR; };
		71365C54208F84DD00AD24A0 /* AppDelegate.swift */ = {isa = PBXFileReference; lastKnownFileType = sourcecode.swift; path = AppDelegate.swift; sourceTree = "<group>"; };
		71365C56208F84DD00AD24A0 /* ViewController.swift */ = {isa = PBXFileReference; lastKnownFileType = sourcecode.swift; path = ViewController.swift; sourceTree = "<group>"; };
		71365C59208F84DD00AD24A0 /* Base */ = {isa = PBXFileReference; lastKnownFileType = file.storyboard; name = Base; path = Base.lproj/Main.storyboard; sourceTree = "<group>"; };
		71365C5B208F84DE00AD24A0 /* Assets.xcassets */ = {isa = PBXFileReference; lastKnownFileType = folder.assetcatalog; path = Assets.xcassets; sourceTree = "<group>"; };
		71365C5E208F84DE00AD24A0 /* Base */ = {isa = PBXFileReference; lastKnownFileType = file.storyboard; name = Base; path = Base.lproj/LaunchScreen.storyboard; sourceTree = "<group>"; };
		71365C60208F84DE00AD24A0 /* Info.plist */ = {isa = PBXFileReference; lastKnownFileType = text.plist.xml; name = Info.plist; path = ../SwiftLeetcode/Info.plist; sourceTree = "<group>"; };
		71365C65208F84DE00AD24A0 /* SwiftLeetcodeTests.xctest */ = {isa = PBXFileReference; explicitFileType = wrapper.cfbundle; includeInIndex = 0; path = SwiftLeetcodeTests.xctest; sourceTree = BUILT_PRODUCTS_DIR; };
		71365C69208F84DE00AD24A0 /* SwiftLeetcodeTests.swift */ = {isa = PBXFileReference; lastKnownFileType = sourcecode.swift; path = SwiftLeetcodeTests.swift; sourceTree = "<group>"; };
		71365C6B208F84DE00AD24A0 /* Info.plist */ = {isa = PBXFileReference; lastKnownFileType = text.plist.xml; path = Info.plist; sourceTree = "<group>"; };
		71365C75208F85FA00AD24A0 /* Easy771.swift */ = {isa = PBXFileReference; lastKnownFileType = sourcecode.swift; path = Easy771.swift; sourceTree = "<group>"; };
		71365C77208F89EA00AD24A0 /* Easy771Test.swift */ = {isa = PBXFileReference; lastKnownFileType = sourcecode.swift; path = Easy771Test.swift; sourceTree = "<group>"; };
		71365C7B208F958400AD24A0 /* Medium807.swift */ = {isa = PBXFileReference; lastKnownFileType = sourcecode.swift; path = Medium807.swift; sourceTree = "<group>"; };
		71365C7D208F9A8300AD24A0 /* Medium807Test.swift */ = {isa = PBXFileReference; lastKnownFileType = sourcecode.swift; path = Medium807Test.swift; sourceTree = "<group>"; };
		71365C80208FA9CB00AD24A0 /* TreeNode.swift */ = {isa = PBXFileReference; lastKnownFileType = sourcecode.swift; path = TreeNode.swift; sourceTree = "<group>"; };
		71365C82208FAA1F00AD24A0 /* Medium814.swift */ = {isa = PBXFileReference; lastKnownFileType = sourcecode.swift; path = Medium814.swift; sourceTree = "<group>"; };
		71365C84208FB35E00AD24A0 /* Medium654.swift */ = {isa = PBXFileReference; lastKnownFileType = sourcecode.swift; path = Medium654.swift; sourceTree = "<group>"; };
		71365C86208FBB6E00AD24A0 /* Medium654Test.swift */ = {isa = PBXFileReference; lastKnownFileType = sourcecode.swift; path = Medium654Test.swift; sourceTree = "<group>"; };
		71365C88208FBFB200AD24A0 /* Medium319.swift */ = {isa = PBXFileReference; lastKnownFileType = sourcecode.swift; path = Medium319.swift; sourceTree = "<group>"; };
		71365C8A208FC26600AD24A0 /* Medium319Test.swift */ = {isa = PBXFileReference; lastKnownFileType = sourcecode.swift; path = Medium319Test.swift; sourceTree = "<group>"; };
		71365C8C208FC76500AD24A0 /* Medium672.swift */ = {isa = PBXFileReference; lastKnownFileType = sourcecode.swift; path = Medium672.swift; sourceTree = "<group>"; };
		71365C8E208FCA4500AD24A0 /* Medium672Test.swift */ = {isa = PBXFileReference; lastKnownFileType = sourcecode.swift; path = Medium672Test.swift; sourceTree = "<group>"; };
		71365C9020900DB100AD24A0 /* Easy38.swift */ = {isa = PBXFileReference; lastKnownFileType = sourcecode.swift; path = Easy38.swift; sourceTree = "<group>"; };
		71365C92209011C100AD24A0 /* Easy38Test.swift */ = {isa = PBXFileReference; lastKnownFileType = sourcecode.swift; path = Easy38Test.swift; sourceTree = "<group>"; };
		71C9EF3D21D4883A006129C9 /* Easy1.swift */ = {isa = PBXFileReference; lastKnownFileType = sourcecode.swift; path = Easy1.swift; sourceTree = "<group>"; };
		71C9EF3F21D48B59006129C9 /* Easy1Test.swift */ = {isa = PBXFileReference; lastKnownFileType = sourcecode.swift; path = Easy1Test.swift; sourceTree = "<group>"; };
		71C9EF4121D493EE006129C9 /* Easy104.swift */ = {isa = PBXFileReference; lastKnownFileType = sourcecode.swift; path = Easy104.swift; sourceTree = "<group>"; };
		71C9EF4321D4960D006129C9 /* Easy111.swift */ = {isa = PBXFileReference; lastKnownFileType = sourcecode.swift; path = Easy111.swift; sourceTree = "<group>"; };
		71C9EF4521D497B6006129C9 /* Easy112.swift */ = {isa = PBXFileReference; lastKnownFileType = sourcecode.swift; path = Easy112.swift; sourceTree = "<group>"; };
		71C9EF4721D49EF8006129C9 /* Easy100.swift */ = {isa = PBXFileReference; lastKnownFileType = sourcecode.swift; path = Easy100.swift; sourceTree = "<group>"; };
		71C9EF4921D4A0B5006129C9 /* Easy101.swift */ = {isa = PBXFileReference; lastKnownFileType = sourcecode.swift; path = Easy101.swift; sourceTree = "<group>"; };
		71C9EF4B21D4A399006129C9 /* Medium951.swift */ = {isa = PBXFileReference; lastKnownFileType = sourcecode.swift; path = Medium951.swift; sourceTree = "<group>"; };
		71C9EF4D21D4B720006129C9 /* Medium684.swift */ = {isa = PBXFileReference; lastKnownFileType = sourcecode.swift; path = Medium684.swift; sourceTree = "<group>"; };
		71C9EF4F21D4B752006129C9 /* Medium684Test.swift */ = {isa = PBXFileReference; lastKnownFileType = sourcecode.swift; path = Medium684Test.swift; sourceTree = "<group>"; };
		71C9EF5121D5F61D006129C9 /* Medium98.swift */ = {isa = PBXFileReference; lastKnownFileType = sourcecode.swift; path = Medium98.swift; sourceTree = "<group>"; };
		71C9EF5321D5F9E0006129C9 /* Easy70.swift */ = {isa = PBXFileReference; lastKnownFileType = sourcecode.swift; path = Easy70.swift; sourceTree = "<group>"; };
		71C9EF5521D5FE6D006129C9 /* Easy70Test.swift */ = {isa = PBXFileReference; lastKnownFileType = sourcecode.swift; path = Easy70Test.swift; sourceTree = "<group>"; };
		71F9AAAD209C0BB5008E59F6 /* Medium148.swift */ = {isa = PBXFileReference; lastKnownFileType = sourcecode.swift; path = Medium148.swift; sourceTree = "<group>"; };
		71F9AAAF209C0BC8008E59F6 /* Medium148Test.swift */ = {isa = PBXFileReference; lastKnownFileType = sourcecode.swift; path = Medium148Test.swift; sourceTree = "<group>"; };
		71F9AAB1209C0BF7008E59F6 /* ListNode.swift */ = {isa = PBXFileReference; lastKnownFileType = sourcecode.swift; path = ListNode.swift; sourceTree = "<group>"; };
		71F9AAB3209C1BB6008E59F6 /* Medium416.swift */ = {isa = PBXFileReference; lastKnownFileType = sourcecode.swift; path = Medium416.swift; sourceTree = "<group>"; };
		71F9AAB5209C1BE0008E59F6 /* Medium416Test.swift */ = {isa = PBXFileReference; lastKnownFileType = sourcecode.swift; path = Medium416Test.swift; sourceTree = "<group>"; };
		71F9AAB7209C2D16008E59F6 /* Medium49.swift */ = {isa = PBXFileReference; lastKnownFileType = sourcecode.swift; path = Medium49.swift; sourceTree = "<group>"; };
		71F9AAB9209C2D5E008E59F6 /* Medium49Test.swift */ = {isa = PBXFileReference; lastKnownFileType = sourcecode.swift; path = Medium49Test.swift; sourceTree = "<group>"; };
		71F9AABB209D5797008E59F6 /* Medium279.swift */ = {isa = PBXFileReference; lastKnownFileType = sourcecode.swift; path = Medium279.swift; sourceTree = "<group>"; };
		71F9AABD209D57DC008E59F6 /* Medium279Test.swift */ = {isa = PBXFileReference; lastKnownFileType = sourcecode.swift; path = Medium279Test.swift; sourceTree = "<group>"; };
		71F9AABF209D60BA008E59F6 /* Medium11.swift */ = {isa = PBXFileReference; lastKnownFileType = sourcecode.swift; path = Medium11.swift; sourceTree = "<group>"; };
		71F9AAC1209D60EB008E59F6 /* Medium11Test.swift */ = {isa = PBXFileReference; lastKnownFileType = sourcecode.swift; path = Medium11Test.swift; sourceTree = "<group>"; };
		71F9AAC3209D659C008E59F6 /* Medium200.swift */ = {isa = PBXFileReference; lastKnownFileType = sourcecode.swift; path = Medium200.swift; sourceTree = "<group>"; };
		71F9AAC5209D65D9008E59F6 /* Medium200Test.swift */ = {isa = PBXFileReference; lastKnownFileType = sourcecode.swift; path = Medium200Test.swift; sourceTree = "<group>"; };
		71F9AAC7209D7246008E59F6 /* Medium17.swift */ = {isa = PBXFileReference; lastKnownFileType = sourcecode.swift; path = Medium17.swift; sourceTree = "<group>"; };
		71F9AAC9209D7286008E59F6 /* Medium17Test.swift */ = {isa = PBXFileReference; lastKnownFileType = sourcecode.swift; path = Medium17Test.swift; sourceTree = "<group>"; };
		71F9AACB209D7B80008E59F6 /* Medium19.swift */ = {isa = PBXFileReference; lastKnownFileType = sourcecode.swift; path = Medium19.swift; sourceTree = "<group>"; };
		71F9AACD209D7BF4008E59F6 /* Medium19Test.swift */ = {isa = PBXFileReference; lastKnownFileType = sourcecode.swift; path = Medium19Test.swift; sourceTree = "<group>"; };
		71F9AACF209D8202008E59F6 /* Medium56.swift */ = {isa = PBXFileReference; lastKnownFileType = sourcecode.swift; path = Medium56.swift; sourceTree = "<group>"; };
		71F9AAD1209D823C008E59F6 /* Interval.swift */ = {isa = PBXFileReference; lastKnownFileType = sourcecode.swift; path = Interval.swift; sourceTree = "<group>"; };
		71F9AAD3209D829C008E59F6 /* Medium56Test.swift */ = {isa = PBXFileReference; lastKnownFileType = sourcecode.swift; path = Medium56Test.swift; sourceTree = "<group>"; };
		71F9AAD5209E18AC008E59F6 /* Medium33.swift */ = {isa = PBXFileReference; lastKnownFileType = sourcecode.swift; path = Medium33.swift; sourceTree = "<group>"; };
		71F9AAD7209E18FA008E59F6 /* Medium33Test.swift */ = {isa = PBXFileReference; lastKnownFileType = sourcecode.swift; path = Medium33Test.swift; sourceTree = "<group>"; };
		71F9AAD9209EC245008E59F6 /* Medium34.swift */ = {isa = PBXFileReference; lastKnownFileType = sourcecode.swift; path = Medium34.swift; sourceTree = "<group>"; };
		71F9AADB209EC2A5008E59F6 /* Medium34Test.swift */ = {isa = PBXFileReference; lastKnownFileType = sourcecode.swift; path = Medium34Test.swift; sourceTree = "<group>"; };
		71F9AADD209F8267008E59F6 /* Medium139.swift */ = {isa = PBXFileReference; lastKnownFileType = sourcecode.swift; path = Medium139.swift; sourceTree = "<group>"; };
		71F9AADF209F82A1008E59F6 /* Medium139Test.swift */ = {isa = PBXFileReference; lastKnownFileType = sourcecode.swift; path = Medium139Test.swift; sourceTree = "<group>"; };
/* End PBXFileReference section */

/* Begin PBXFrameworksBuildPhase section */
		71365C4E208F84DD00AD24A0 /* Frameworks */ = {
			isa = PBXFrameworksBuildPhase;
			buildActionMask = 2147483647;
			files = (
			);
			runOnlyForDeploymentPostprocessing = 0;
		};
		71365C62208F84DE00AD24A0 /* Frameworks */ = {
			isa = PBXFrameworksBuildPhase;
			buildActionMask = 2147483647;
			files = (
			);
			runOnlyForDeploymentPostprocessing = 0;
		};
/* End PBXFrameworksBuildPhase section */

/* Begin PBXGroup section */
		71365C48208F84DD00AD24A0 = {
			isa = PBXGroup;
			children = (
				71365C53208F84DD00AD24A0 /* SwiftLeetcode */,
				71365C68208F84DE00AD24A0 /* SwiftLeetcodeTests */,
				71365C52208F84DD00AD24A0 /* Products */,
			);
			sourceTree = "<group>";
		};
		71365C52208F84DD00AD24A0 /* Products */ = {
			isa = PBXGroup;
			children = (
				71365C51208F84DD00AD24A0 /* SwiftLeetcode.app */,
				71365C65208F84DE00AD24A0 /* SwiftLeetcodeTests.xctest */,
			);
			name = Products;
			sourceTree = "<group>";
		};
		71365C53208F84DD00AD24A0 /* SwiftLeetcode */ = {
			isa = PBXGroup;
			children = (
				71365C7F208FA9AF00AD24A0 /* Models */,
				71365C74208F856000AD24A0 /* Solutions */,
				71365C54208F84DD00AD24A0 /* AppDelegate.swift */,
				71365C56208F84DD00AD24A0 /* ViewController.swift */,
				71365C58208F84DD00AD24A0 /* Main.storyboard */,
				71365C5B208F84DE00AD24A0 /* Assets.xcassets */,
				71365C5D208F84DE00AD24A0 /* LaunchScreen.storyboard */,
			);
			path = SwiftLeetcode;
			sourceTree = "<group>";
		};
		71365C68208F84DE00AD24A0 /* SwiftLeetcodeTests */ = {
			isa = PBXGroup;
			children = (
				71365C60208F84DE00AD24A0 /* Info.plist */,
				71365C69208F84DE00AD24A0 /* SwiftLeetcodeTests.swift */,
				71365C6B208F84DE00AD24A0 /* Info.plist */,
				71C9EF3F21D48B59006129C9 /* Easy1Test.swift */,
				71225DDC209151BE00385F5D /* Easy26Test.swift */,
				71365C92209011C100AD24A0 /* Easy38Test.swift */,
				71225DF42098029F00385F5D /* Easy66Test.swift */,
				71C9EF5521D5FE6D006129C9 /* Easy70Test.swift */,
				71225DF82098551F00385F5D /* Easy665Test.swift */,
				71365C77208F89EA00AD24A0 /* Easy771Test.swift */,
				71F9AAC1209D60EB008E59F6 /* Medium11Test.swift */,
				71F9AAC9209D7286008E59F6 /* Medium17Test.swift */,
				71F9AACD209D7BF4008E59F6 /* Medium19Test.swift */,
				71F9AAD7209E18FA008E59F6 /* Medium33Test.swift */,
				71F9AADB209EC2A5008E59F6 /* Medium34Test.swift */,
				71225E002098609900385F5D /* Medium48Test.swift */,
				71F9AAB9209C2D5E008E59F6 /* Medium49Test.swift */,
				71F9AAD3209D829C008E59F6 /* Medium56Test.swift */,
				71225DE82091AF2400385F5D /* Medium64Test.swift */,
				71225DE02091566800385F5D /* Medium74Test.swift */,
				71225E042098D6CB00385F5D /* Medium75Test.swift */,
				71F9AADF209F82A1008E59F6 /* Medium139Test.swift */,
				71F9AAAF209C0BC8008E59F6 /* Medium148Test.swift */,
				71F9AAC5209D65D9008E59F6 /* Medium200Test.swift */,
				71225DEC2091B5A900385F5D /* Medium215Test.swift */,
				71225DFC20985B0700385F5D /* Medium228Test.swift */,
				71225DE42091A2B000385F5D /* Medium240Test.swift */,
				71F9AABD209D57DC008E59F6 /* Medium279Test.swift */,
				71225E082098DE2000385F5D /* Medium300Test.swift */,
				71365C8A208FC26600AD24A0 /* Medium319Test.swift */,
				71F9AAB5209C1BE0008E59F6 /* Medium416Test.swift */,
				71225DD82091364800385F5D /* Medium560Test.swift */,
				71365C86208FBB6E00AD24A0 /* Medium654Test.swift */,
				71365C8E208FCA4500AD24A0 /* Medium672Test.swift */,
				71C9EF4F21D4B752006129C9 /* Medium684Test.swift */,
				71365C7D208F9A8300AD24A0 /* Medium807Test.swift */,
				71225DF02097FDD600385F5D /* Hard41Test.swift */,
			);
			path = SwiftLeetcodeTests;
			sourceTree = "<group>";
		};
		71365C74208F856000AD24A0 /* Solutions */ = {
			isa = PBXGroup;
			children = (
				71C9EF3D21D4883A006129C9 /* Easy1.swift */,
				71225DDA209150A400385F5D /* Easy26.swift */,
				71365C9020900DB100AD24A0 /* Easy38.swift */,
				71225DF2209801EB00385F5D /* Easy66.swift */,
				71C9EF5321D5F9E0006129C9 /* Easy70.swift */,
				71C9EF4721D49EF8006129C9 /* Easy100.swift */,
				71C9EF4921D4A0B5006129C9 /* Easy101.swift */,
				71C9EF4121D493EE006129C9 /* Easy104.swift */,
				71C9EF4321D4960D006129C9 /* Easy111.swift */,
				71C9EF4521D497B6006129C9 /* Easy112.swift */,
				71225DF6209854F900385F5D /* Easy665.swift */,
				71365C75208F85FA00AD24A0 /* Easy771.swift */,
				71F9AABF209D60BA008E59F6 /* Medium11.swift */,
				71F9AAC7209D7246008E59F6 /* Medium17.swift */,
				71F9AACB209D7B80008E59F6 /* Medium19.swift */,
				71F9AAD5209E18AC008E59F6 /* Medium33.swift */,
				71F9AAD9209EC245008E59F6 /* Medium34.swift */,
				71225DFE2098605000385F5D /* Medium48.swift */,
				71F9AAB7209C2D16008E59F6 /* Medium49.swift */,
				71F9AACF209D8202008E59F6 /* Medium56.swift */,
				71225DE62091AEED00385F5D /* Medium64.swift */,
				71225DDE2091562900385F5D /* Medium74.swift */,
				71225E022098D68E00385F5D /* Medium75.swift */,
				71C9EF5121D5F61D006129C9 /* Medium98.swift */,
				71F9AADD209F8267008E59F6 /* Medium139.swift */,
				71F9AAAD209C0BB5008E59F6 /* Medium148.swift */,
				71F9AAC3209D659C008E59F6 /* Medium200.swift */,
				71225DEA2091B55200385F5D /* Medium215.swift */,
				71225DFA20985AD800385F5D /* Medium228.swift */,
				71225DE22091977A00385F5D /* Medium240.swift */,
				71F9AABB209D5797008E59F6 /* Medium279.swift */,
				71225E062098DDEF00385F5D /* Medium300.swift */,
				71365C88208FBFB200AD24A0 /* Medium319.swift */,
				71F9AAB3209C1BB6008E59F6 /* Medium416.swift */,
				71225DD62090E6A300385F5D /* Medium560.swift */,
				71365C84208FB35E00AD24A0 /* Medium654.swift */,
				71365C8C208FC76500AD24A0 /* Medium672.swift */,
				71C9EF4D21D4B720006129C9 /* Medium684.swift */,
				71365C7B208F958400AD24A0 /* Medium807.swift */,
				71365C82208FAA1F00AD24A0 /* Medium814.swift */,
				71C9EF4B21D4A399006129C9 /* Medium951.swift */,
				71225DEE2097FDB600385F5D /* Hard41.swift */,
			);
			path = Solutions;
			sourceTree = "<group>";
		};
		71365C7F208FA9AF00AD24A0 /* Models */ = {
			isa = PBXGroup;
			children = (
				71365C80208FA9CB00AD24A0 /* TreeNode.swift */,
				71F9AAB1209C0BF7008E59F6 /* ListNode.swift */,
				71F9AAD1209D823C008E59F6 /* Interval.swift */,
			);
			path = Models;
			sourceTree = "<group>";
		};
/* End PBXGroup section */

/* Begin PBXNativeTarget section */
		71365C50208F84DD00AD24A0 /* SwiftLeetcode */ = {
			isa = PBXNativeTarget;
			buildConfigurationList = 71365C6E208F84DE00AD24A0 /* Build configuration list for PBXNativeTarget "SwiftLeetcode" */;
			buildPhases = (
				71365C4D208F84DD00AD24A0 /* Sources */,
				71365C4E208F84DD00AD24A0 /* Frameworks */,
				71365C4F208F84DD00AD24A0 /* Resources */,
			);
			buildRules = (
			);
			dependencies = (
			);
			name = SwiftLeetcode;
			productName = SwiftLeetcode;
			productReference = 71365C51208F84DD00AD24A0 /* SwiftLeetcode.app */;
			productType = "com.apple.product-type.application";
		};
		71365C64208F84DE00AD24A0 /* SwiftLeetcodeTests */ = {
			isa = PBXNativeTarget;
			buildConfigurationList = 71365C71208F84DE00AD24A0 /* Build configuration list for PBXNativeTarget "SwiftLeetcodeTests" */;
			buildPhases = (
				71365C61208F84DE00AD24A0 /* Sources */,
				71365C62208F84DE00AD24A0 /* Frameworks */,
				71365C63208F84DE00AD24A0 /* Resources */,
			);
			buildRules = (
			);
			dependencies = (
				71365C67208F84DE00AD24A0 /* PBXTargetDependency */,
			);
			name = SwiftLeetcodeTests;
			productName = SwiftLeetcodeTests;
			productReference = 71365C65208F84DE00AD24A0 /* SwiftLeetcodeTests.xctest */;
			productType = "com.apple.product-type.bundle.unit-test";
		};
/* End PBXNativeTarget section */

/* Begin PBXProject section */
		71365C49208F84DD00AD24A0 /* Project object */ = {
			isa = PBXProject;
			attributes = {
				LastSwiftUpdateCheck = 0930;
				LastUpgradeCheck = 0930;
				ORGANIZATIONNAME = "K W";
				TargetAttributes = {
					71365C50208F84DD00AD24A0 = {
						CreatedOnToolsVersion = 9.3;
					};
					71365C64208F84DE00AD24A0 = {
						CreatedOnToolsVersion = 9.3;
						TestTargetID = 71365C50208F84DD00AD24A0;
					};
				};
			};
			buildConfigurationList = 71365C4C208F84DD00AD24A0 /* Build configuration list for PBXProject "SwiftLeetcode" */;
			compatibilityVersion = "Xcode 9.3";
			developmentRegion = en;
			hasScannedForEncodings = 0;
			knownRegions = (
				en,
				Base,
			);
			mainGroup = 71365C48208F84DD00AD24A0;
			productRefGroup = 71365C52208F84DD00AD24A0 /* Products */;
			projectDirPath = "";
			projectRoot = "";
			targets = (
				71365C50208F84DD00AD24A0 /* SwiftLeetcode */,
				71365C64208F84DE00AD24A0 /* SwiftLeetcodeTests */,
			);
		};
/* End PBXProject section */

/* Begin PBXResourcesBuildPhase section */
		71365C4F208F84DD00AD24A0 /* Resources */ = {
			isa = PBXResourcesBuildPhase;
			buildActionMask = 2147483647;
			files = (
				71365C5F208F84DE00AD24A0 /* LaunchScreen.storyboard in Resources */,
				71365C5C208F84DE00AD24A0 /* Assets.xcassets in Resources */,
				71365C5A208F84DD00AD24A0 /* Main.storyboard in Resources */,
			);
			runOnlyForDeploymentPostprocessing = 0;
		};
		71365C63208F84DE00AD24A0 /* Resources */ = {
			isa = PBXResourcesBuildPhase;
			buildActionMask = 2147483647;
			files = (
			);
			runOnlyForDeploymentPostprocessing = 0;
		};
/* End PBXResourcesBuildPhase section */

/* Begin PBXSourcesBuildPhase section */
		71365C4D208F84DD00AD24A0 /* Sources */ = {
			isa = PBXSourcesBuildPhase;
			buildActionMask = 2147483647;
			files = (
				71365C89208FBFB200AD24A0 /* Medium319.swift in Sources */,
				71F9AADA209EC245008E59F6 /* Medium34.swift in Sources */,
				71C9EF5421D5F9E0006129C9 /* Easy70.swift in Sources */,
				71225DF7209854F900385F5D /* Easy665.swift in Sources */,
				71C9EF3E21D4883A006129C9 /* Easy1.swift in Sources */,
				71F9AAD6209E18AC008E59F6 /* Medium33.swift in Sources */,
				71F9AAC0209D60BA008E59F6 /* Medium11.swift in Sources */,
				71225DEF2097FDB600385F5D /* Hard41.swift in Sources */,
				71F9AAB8209C2D16008E59F6 /* Medium49.swift in Sources */,
				71C9EF4E21D4B720006129C9 /* Medium684.swift in Sources */,
				71225DE32091977A00385F5D /* Medium240.swift in Sources */,
				71C9EF4A21D4A0B5006129C9 /* Easy101.swift in Sources */,
				71225DDB209150A400385F5D /* Easy26.swift in Sources */,
				71225DEB2091B55200385F5D /* Medium215.swift in Sources */,
				71F9AADE209F8267008E59F6 /* Medium139.swift in Sources */,
				71F9AAD2209D823C008E59F6 /* Interval.swift in Sources */,
				71F9AAB2209C0BF7008E59F6 /* ListNode.swift in Sources */,
				71225DFF2098605000385F5D /* Medium48.swift in Sources */,
				71365C57208F84DD00AD24A0 /* ViewController.swift in Sources */,
				71F9AAAE209C0BB5008E59F6 /* Medium148.swift in Sources */,
				71225DE72091AEED00385F5D /* Medium64.swift in Sources */,
				71365C8D208FC76500AD24A0 /* Medium672.swift in Sources */,
				71C9EF4621D497B6006129C9 /* Easy112.swift in Sources */,
				71365C76208F85FA00AD24A0 /* Easy771.swift in Sources */,
				71C9EF4821D49EF8006129C9 /* Easy100.swift in Sources */,
				71225DF3209801EB00385F5D /* Easy66.swift in Sources */,
				71225DD72090E6A300385F5D /* Medium560.swift in Sources */,
				71F9AAC8209D7246008E59F6 /* Medium17.swift in Sources */,
				71C9EF5221D5F61D006129C9 /* Medium98.swift in Sources */,
				71365C9120900DB100AD24A0 /* Easy38.swift in Sources */,
				71F9AAB4209C1BB6008E59F6 /* Medium416.swift in Sources */,
				71F9AAD0209D8202008E59F6 /* Medium56.swift in Sources */,
				71C9EF4C21D4A399006129C9 /* Medium951.swift in Sources */,
				71F9AACC209D7B80008E59F6 /* Medium19.swift in Sources */,
				71365C83208FAA1F00AD24A0 /* Medium814.swift in Sources */,
				71365C7C208F958400AD24A0 /* Medium807.swift in Sources */,
				71C9EF4421D4960D006129C9 /* Easy111.swift in Sources */,
				71225DFB20985AD800385F5D /* Medium228.swift in Sources */,
				71F9AABC209D5797008E59F6 /* Medium279.swift in Sources */,
				71225E072098DDEF00385F5D /* Medium300.swift in Sources */,
				71225DDF2091562900385F5D /* Medium74.swift in Sources */,
				71F9AAC4209D659C008E59F6 /* Medium200.swift in Sources */,
				71365C81208FA9CB00AD24A0 /* TreeNode.swift in Sources */,
				71365C55208F84DD00AD24A0 /* AppDelegate.swift in Sources */,
				71C9EF4221D493EE006129C9 /* Easy104.swift in Sources */,
				71225E032098D68E00385F5D /* Medium75.swift in Sources */,
				71365C85208FB35E00AD24A0 /* Medium654.swift in Sources */,
			);
			runOnlyForDeploymentPostprocessing = 0;
		};
		71365C61208F84DE00AD24A0 /* Sources */ = {
			isa = PBXSourcesBuildPhase;
			buildActionMask = 2147483647;
			files = (
				71225DE92091AF2400385F5D /* Medium64Test.swift in Sources */,
				71F9AABE209D57DC008E59F6 /* Medium279Test.swift in Sources */,
				71365C8F208FCA4500AD24A0 /* Medium672Test.swift in Sources */,
				71365C6A208F84DE00AD24A0 /* SwiftLeetcodeTests.swift in Sources */,
				71F9AAC2209D60EB008E59F6 /* Medium11Test.swift in Sources */,
				71225DDD209151BE00385F5D /* Easy26Test.swift in Sources */,
				71225DD92091364800385F5D /* Medium560Test.swift in Sources */,
				71225DF52098029F00385F5D /* Easy66Test.swift in Sources */,
				71225DE12091566800385F5D /* Medium74Test.swift in Sources */,
				71F9AABA209C2D5E008E59F6 /* Medium49Test.swift in Sources */,
				71225DED2091B5A900385F5D /* Medium215Test.swift in Sources */,
				71F9AAC6209D65D9008E59F6 /* Medium200Test.swift in Sources */,
				71C9EF5621D5FE6D006129C9 /* Easy70Test.swift in Sources */,
				71F9AAE0209F82A1008E59F6 /* Medium139Test.swift in Sources */,
				71F9AACE209D7BF4008E59F6 /* Medium19Test.swift in Sources */,
				71225DF12097FDD600385F5D /* Hard41Test.swift in Sources */,
				71C9EF5021D4B752006129C9 /* Medium684Test.swift in Sources */,
				71225DE52091A2B000385F5D /* Medium240Test.swift in Sources */,
				71F9AADC209EC2A5008E59F6 /* Medium34Test.swift in Sources */,
				71C9EF4021D48B59006129C9 /* Easy1Test.swift in Sources */,
				71225E052098D6CB00385F5D /* Medium75Test.swift in Sources */,
				71365C93209011C100AD24A0 /* Easy38Test.swift in Sources */,
				71365C78208F89EA00AD24A0 /* Easy771Test.swift in Sources */,
				71225E012098609900385F5D /* Medium48Test.swift in Sources */,
				71225E092098DE2000385F5D /* Medium300Test.swift in Sources */,
				71F9AAD4209D829C008E59F6 /* Medium56Test.swift in Sources */,
				71225DFD20985B0700385F5D /* Medium228Test.swift in Sources */,
				71F9AAD8209E18FA008E59F6 /* Medium33Test.swift in Sources */,
				71F9AAB6209C1BE0008E59F6 /* Medium416Test.swift in Sources */,
				71365C87208FBB6E00AD24A0 /* Medium654Test.swift in Sources */,
				71365C7E208F9A8300AD24A0 /* Medium807Test.swift in Sources */,
				71365C8B208FC26600AD24A0 /* Medium319Test.swift in Sources */,
				71F9AACA209D7286008E59F6 /* Medium17Test.swift in Sources */,
				71225DF92098551F00385F5D /* Easy665Test.swift in Sources */,
				71F9AAB0209C0BC8008E59F6 /* Medium148Test.swift in Sources */,
			);
			runOnlyForDeploymentPostprocessing = 0;
		};
/* End PBXSourcesBuildPhase section */

/* Begin PBXTargetDependency section */
		71365C67208F84DE00AD24A0 /* PBXTargetDependency */ = {
			isa = PBXTargetDependency;
			target = 71365C50208F84DD00AD24A0 /* SwiftLeetcode */;
			targetProxy = 71365C66208F84DE00AD24A0 /* PBXContainerItemProxy */;
		};
/* End PBXTargetDependency section */

/* Begin PBXVariantGroup section */
		71365C58208F84DD00AD24A0 /* Main.storyboard */ = {
			isa = PBXVariantGroup;
			children = (
				71365C59208F84DD00AD24A0 /* Base */,
			);
			name = Main.storyboard;
			sourceTree = "<group>";
		};
		71365C5D208F84DE00AD24A0 /* LaunchScreen.storyboard */ = {
			isa = PBXVariantGroup;
			children = (
				71365C5E208F84DE00AD24A0 /* Base */,
			);
			name = LaunchScreen.storyboard;
			sourceTree = "<group>";
		};
/* End PBXVariantGroup section */

/* Begin XCBuildConfiguration section */
		71365C6C208F84DE00AD24A0 /* Debug */ = {
			isa = XCBuildConfiguration;
			buildSettings = {
				ALWAYS_SEARCH_USER_PATHS = NO;
				CLANG_ANALYZER_NONNULL = YES;
				CLANG_ANALYZER_NUMBER_OBJECT_CONVERSION = YES_AGGRESSIVE;
				CLANG_CXX_LANGUAGE_STANDARD = "gnu++14";
				CLANG_CXX_LIBRARY = "libc++";
				CLANG_ENABLE_MODULES = YES;
				CLANG_ENABLE_OBJC_ARC = YES;
				CLANG_ENABLE_OBJC_WEAK = YES;
				CLANG_WARN_BLOCK_CAPTURE_AUTORELEASING = YES;
				CLANG_WARN_BOOL_CONVERSION = YES;
				CLANG_WARN_COMMA = YES;
				CLANG_WARN_CONSTANT_CONVERSION = YES;
				CLANG_WARN_DEPRECATED_OBJC_IMPLEMENTATIONS = YES;
				CLANG_WARN_DIRECT_OBJC_ISA_USAGE = YES_ERROR;
				CLANG_WARN_DOCUMENTATION_COMMENTS = YES;
				CLANG_WARN_EMPTY_BODY = YES;
				CLANG_WARN_ENUM_CONVERSION = YES;
				CLANG_WARN_INFINITE_RECURSION = YES;
				CLANG_WARN_INT_CONVERSION = YES;
				CLANG_WARN_NON_LITERAL_NULL_CONVERSION = YES;
				CLANG_WARN_OBJC_IMPLICIT_RETAIN_SELF = YES;
				CLANG_WARN_OBJC_LITERAL_CONVERSION = YES;
				CLANG_WARN_OBJC_ROOT_CLASS = YES_ERROR;
				CLANG_WARN_RANGE_LOOP_ANALYSIS = YES;
				CLANG_WARN_STRICT_PROTOTYPES = YES;
				CLANG_WARN_SUSPICIOUS_MOVE = YES;
				CLANG_WARN_UNGUARDED_AVAILABILITY = YES_AGGRESSIVE;
				CLANG_WARN_UNREACHABLE_CODE = YES;
				CLANG_WARN__DUPLICATE_METHOD_MATCH = YES;
				CODE_SIGN_IDENTITY = "iPhone Developer";
				COPY_PHASE_STRIP = NO;
				DEBUG_INFORMATION_FORMAT = dwarf;
				ENABLE_STRICT_OBJC_MSGSEND = YES;
				ENABLE_TESTABILITY = YES;
				GCC_C_LANGUAGE_STANDARD = gnu11;
				GCC_DYNAMIC_NO_PIC = NO;
				GCC_NO_COMMON_BLOCKS = YES;
				GCC_OPTIMIZATION_LEVEL = 0;
				GCC_PREPROCESSOR_DEFINITIONS = (
					"DEBUG=1",
					"$(inherited)",
				);
				GCC_WARN_64_TO_32_BIT_CONVERSION = YES;
				GCC_WARN_ABOUT_RETURN_TYPE = YES_ERROR;
				GCC_WARN_UNDECLARED_SELECTOR = YES;
				GCC_WARN_UNINITIALIZED_AUTOS = YES_AGGRESSIVE;
				GCC_WARN_UNUSED_FUNCTION = YES;
				GCC_WARN_UNUSED_VARIABLE = YES;
				IPHONEOS_DEPLOYMENT_TARGET = 11.3;
				MTL_ENABLE_DEBUG_INFO = YES;
				ONLY_ACTIVE_ARCH = YES;
				SDKROOT = iphoneos;
				SWIFT_ACTIVE_COMPILATION_CONDITIONS = DEBUG;
				SWIFT_OPTIMIZATION_LEVEL = "-Onone";
			};
			name = Debug;
		};
		71365C6D208F84DE00AD24A0 /* Release */ = {
			isa = XCBuildConfiguration;
			buildSettings = {
				ALWAYS_SEARCH_USER_PATHS = NO;
				CLANG_ANALYZER_NONNULL = YES;
				CLANG_ANALYZER_NUMBER_OBJECT_CONVERSION = YES_AGGRESSIVE;
				CLANG_CXX_LANGUAGE_STANDARD = "gnu++14";
				CLANG_CXX_LIBRARY = "libc++";
				CLANG_ENABLE_MODULES = YES;
				CLANG_ENABLE_OBJC_ARC = YES;
				CLANG_ENABLE_OBJC_WEAK = YES;
				CLANG_WARN_BLOCK_CAPTURE_AUTORELEASING = YES;
				CLANG_WARN_BOOL_CONVERSION = YES;
				CLANG_WARN_COMMA = YES;
				CLANG_WARN_CONSTANT_CONVERSION = YES;
				CLANG_WARN_DEPRECATED_OBJC_IMPLEMENTATIONS = YES;
				CLANG_WARN_DIRECT_OBJC_ISA_USAGE = YES_ERROR;
				CLANG_WARN_DOCUMENTATION_COMMENTS = YES;
				CLANG_WARN_EMPTY_BODY = YES;
				CLANG_WARN_ENUM_CONVERSION = YES;
				CLANG_WARN_INFINITE_RECURSION = YES;
				CLANG_WARN_INT_CONVERSION = YES;
				CLANG_WARN_NON_LITERAL_NULL_CONVERSION = YES;
				CLANG_WARN_OBJC_IMPLICIT_RETAIN_SELF = YES;
				CLANG_WARN_OBJC_LITERAL_CONVERSION = YES;
				CLANG_WARN_OBJC_ROOT_CLASS = YES_ERROR;
				CLANG_WARN_RANGE_LOOP_ANALYSIS = YES;
				CLANG_WARN_STRICT_PROTOTYPES = YES;
				CLANG_WARN_SUSPICIOUS_MOVE = YES;
				CLANG_WARN_UNGUARDED_AVAILABILITY = YES_AGGRESSIVE;
				CLANG_WARN_UNREACHABLE_CODE = YES;
				CLANG_WARN__DUPLICATE_METHOD_MATCH = YES;
				CODE_SIGN_IDENTITY = "iPhone Developer";
				COPY_PHASE_STRIP = NO;
				DEBUG_INFORMATION_FORMAT = "dwarf-with-dsym";
				ENABLE_NS_ASSERTIONS = NO;
				ENABLE_STRICT_OBJC_MSGSEND = YES;
				GCC_C_LANGUAGE_STANDARD = gnu11;
				GCC_NO_COMMON_BLOCKS = YES;
				GCC_WARN_64_TO_32_BIT_CONVERSION = YES;
				GCC_WARN_ABOUT_RETURN_TYPE = YES_ERROR;
				GCC_WARN_UNDECLARED_SELECTOR = YES;
				GCC_WARN_UNINITIALIZED_AUTOS = YES_AGGRESSIVE;
				GCC_WARN_UNUSED_FUNCTION = YES;
				GCC_WARN_UNUSED_VARIABLE = YES;
				IPHONEOS_DEPLOYMENT_TARGET = 11.3;
				MTL_ENABLE_DEBUG_INFO = NO;
				SDKROOT = iphoneos;
				SWIFT_COMPILATION_MODE = wholemodule;
				SWIFT_OPTIMIZATION_LEVEL = "-O";
				VALIDATE_PRODUCT = YES;
			};
			name = Release;
		};
		71365C6F208F84DE00AD24A0 /* Debug */ = {
			isa = XCBuildConfiguration;
			buildSettings = {
				ASSETCATALOG_COMPILER_APPICON_NAME = AppIcon;
				CODE_SIGN_STYLE = Automatic;
				INFOPLIST_FILE = SwiftLeetcode/Info.plist;
				LD_RUNPATH_SEARCH_PATHS = (
					"$(inherited)",
					"@executable_path/Frameworks",
				);
				PRODUCT_BUNDLE_IDENTIFIER = kw.SwiftLeetcode;
				PRODUCT_NAME = "$(TARGET_NAME)";
				SWIFT_VERSION = 4.0;
				TARGETED_DEVICE_FAMILY = "1,2";
			};
			name = Debug;
		};
		71365C70208F84DE00AD24A0 /* Release */ = {
			isa = XCBuildConfiguration;
			buildSettings = {
				ASSETCATALOG_COMPILER_APPICON_NAME = AppIcon;
				CODE_SIGN_STYLE = Automatic;
				INFOPLIST_FILE = SwiftLeetcode/Info.plist;
				LD_RUNPATH_SEARCH_PATHS = (
					"$(inherited)",
					"@executable_path/Frameworks",
				);
				PRODUCT_BUNDLE_IDENTIFIER = kw.SwiftLeetcode;
				PRODUCT_NAME = "$(TARGET_NAME)";
				SWIFT_VERSION = 4.0;
				TARGETED_DEVICE_FAMILY = "1,2";
			};
			name = Release;
		};
		71365C72208F84DE00AD24A0 /* Debug */ = {
			isa = XCBuildConfiguration;
			buildSettings = {
				ALWAYS_EMBED_SWIFT_STANDARD_LIBRARIES = YES;
				BUNDLE_LOADER = "$(TEST_HOST)";
				CODE_SIGN_STYLE = Automatic;
				INFOPLIST_FILE = SwiftLeetcodeTests/Info.plist;
				LD_RUNPATH_SEARCH_PATHS = (
					"$(inherited)",
					"@executable_path/Frameworks",
					"@loader_path/Frameworks",
				);
				PRODUCT_BUNDLE_IDENTIFIER = kw.SwiftLeetcodeTests;
				PRODUCT_NAME = "$(TARGET_NAME)";
				SWIFT_VERSION = 4.0;
				TARGETED_DEVICE_FAMILY = "1,2";
				TEST_HOST = "$(BUILT_PRODUCTS_DIR)/SwiftLeetcode.app/SwiftLeetcode";
			};
			name = Debug;
		};
		71365C73208F84DE00AD24A0 /* Release */ = {
			isa = XCBuildConfiguration;
			buildSettings = {
				ALWAYS_EMBED_SWIFT_STANDARD_LIBRARIES = YES;
				BUNDLE_LOADER = "$(TEST_HOST)";
				CODE_SIGN_STYLE = Automatic;
				INFOPLIST_FILE = SwiftLeetcodeTests/Info.plist;
				LD_RUNPATH_SEARCH_PATHS = (
					"$(inherited)",
					"@executable_path/Frameworks",
					"@loader_path/Frameworks",
				);
				PRODUCT_BUNDLE_IDENTIFIER = kw.SwiftLeetcodeTests;
				PRODUCT_NAME = "$(TARGET_NAME)";
				SWIFT_VERSION = 4.0;
				TARGETED_DEVICE_FAMILY = "1,2";
				TEST_HOST = "$(BUILT_PRODUCTS_DIR)/SwiftLeetcode.app/SwiftLeetcode";
			};
			name = Release;
		};
/* End XCBuildConfiguration section */

/* Begin XCConfigurationList section */
		71365C4C208F84DD00AD24A0 /* Build configuration list for PBXProject "SwiftLeetcode" */ = {
			isa = XCConfigurationList;
			buildConfigurations = (
				71365C6C208F84DE00AD24A0 /* Debug */,
				71365C6D208F84DE00AD24A0 /* Release */,
			);
			defaultConfigurationIsVisible = 0;
			defaultConfigurationName = Release;
		};
		71365C6E208F84DE00AD24A0 /* Build configuration list for PBXNativeTarget "SwiftLeetcode" */ = {
			isa = XCConfigurationList;
			buildConfigurations = (
				71365C6F208F84DE00AD24A0 /* Debug */,
				71365C70208F84DE00AD24A0 /* Release */,
			);
			defaultConfigurationIsVisible = 0;
			defaultConfigurationName = Release;
		};
		71365C71208F84DE00AD24A0 /* Build configuration list for PBXNativeTarget "SwiftLeetcodeTests" */ = {
			isa = XCConfigurationList;
			buildConfigurations = (
				71365C72208F84DE00AD24A0 /* Debug */,
				71365C73208F84DE00AD24A0 /* Release */,
			);
			defaultConfigurationIsVisible = 0;
			defaultConfigurationName = Release;
		};
/* End XCConfigurationList section */
	};
	rootObject = 71365C49208F84DD00AD24A0 /* Project object */;
}
